// !$*UTF8*$!
{
	archiveVersion = 1;
	classes = {
	};
	objectVersion = 56;
	objects = {

/* Begin PBXBuildFile section */
		BA6ACEE92BA77A1000AFB59D /* AppDelegate.swift in Sources */ = {isa = PBXBuildFile; fileRef = BA6ACEE82BA77A1000AFB59D /* AppDelegate.swift */; };
		BA6ACEEB2BA77A1000AFB59D /* SceneDelegate.swift in Sources */ = {isa = PBXBuildFile; fileRef = BA6ACEEA2BA77A1000AFB59D /* SceneDelegate.swift */; };
		BA6ACEED2BA77A1000AFB59D /* AnasayfaVC.swift in Sources */ = {isa = PBXBuildFile; fileRef = BA6ACEEC2BA77A1000AFB59D /* AnasayfaVC.swift */; };
		BA6ACEF02BA77A1000AFB59D /* Main.storyboard in Resources */ = {isa = PBXBuildFile; fileRef = BA6ACEEE2BA77A1000AFB59D /* Main.storyboard */; };
		BA6ACEF22BA77A1100AFB59D /* Assets.xcassets in Resources */ = {isa = PBXBuildFile; fileRef = BA6ACEF12BA77A1100AFB59D /* Assets.xcassets */; };
		BA6ACEF52BA77A1100AFB59D /* LaunchScreen.storyboard in Resources */ = {isa = PBXBuildFile; fileRef = BA6ACEF32BA77A1100AFB59D /* LaunchScreen.storyboard */; };
		BA6ACEFD2BA77E8200AFB59D /* sayfaAVC.swift in Sources */ = {isa = PBXBuildFile; fileRef = BA6ACEFC2BA77E8200AFB59D /* sayfaAVC.swift */; };
		BA6ACEFF2BA77EA200AFB59D /* sayfaBVC.swift in Sources */ = {isa = PBXBuildFile; fileRef = BA6ACEFE2BA77EA200AFB59D /* sayfaBVC.swift */; };
		BA6ACF012BA77EFC00AFB59D /* sayfaXVC.swift in Sources */ = {isa = PBXBuildFile; fileRef = BA6ACF002BA77EFC00AFB59D /* sayfaXVC.swift */; };
		BA6ACF032BA77F1300AFB59D /* sayfaYVC.swift in Sources */ = {isa = PBXBuildFile; fileRef = BA6ACF022BA77F1300AFB59D /* sayfaYVC.swift */; };
/* End PBXBuildFile section */

/* Begin PBXFileReference section */
		BA6ACEE52BA77A1000AFB59D /* SayfaOdevi.app */ = {isa = PBXFileReference; explicitFileType = wrapper.application; includeInIndex = 0; path = SayfaOdevi.app; sourceTree = BUILT_PRODUCTS_DIR; };
		BA6ACEE82BA77A1000AFB59D /* AppDelegate.swift */ = {isa = PBXFileReference; lastKnownFileType = sourcecode.swift; path = AppDelegate.swift; sourceTree = "<group>"; };
		BA6ACEEA2BA77A1000AFB59D /* SceneDelegate.swift */ = {isa = PBXFileReference; lastKnownFileType = sourcecode.swift; path = SceneDelegate.swift; sourceTree = "<group>"; };
		BA6ACEEC2BA77A1000AFB59D /* AnasayfaVC.swift */ = {isa = PBXFileReference; lastKnownFileType = sourcecode.swift; path = AnasayfaVC.swift; sourceTree = "<group>"; };
		BA6ACEEF2BA77A1000AFB59D /* Base */ = {isa = PBXFileReference; lastKnownFileType = file.storyboard; name = Base; path = Base.lproj/Main.storyboard; sourceTree = "<group>"; };
		BA6ACEF12BA77A1100AFB59D /* Assets.xcassets */ = {isa = PBXFileReference; lastKnownFileType = folder.assetcatalog; path = Assets.xcassets; sourceTree = "<group>"; };
		BA6ACEF42BA77A1100AFB59D /* Base */ = {isa = PBXFileReference; lastKnownFileType = file.storyboard; name = Base; path = Base.lproj/LaunchScreen.storyboard; sourceTree = "<group>"; };
		BA6ACEF62BA77A1100AFB59D /* Info.plist */ = {isa = PBXFileReference; lastKnownFileType = text.plist.xml; path = Info.plist; sourceTree = "<group>"; };
		BA6ACEFC2BA77E8200AFB59D /* sayfaAVC.swift */ = {isa = PBXFileReference; lastKnownFileType = sourcecode.swift; path = sayfaAVC.swift; sourceTree = "<group>"; };
		BA6ACEFE2BA77EA200AFB59D /* sayfaBVC.swift */ = {isa = PBXFileReference; lastKnownFileType = sourcecode.swift; path = sayfaBVC.swift; sourceTree = "<group>"; };
		BA6ACF002BA77EFC00AFB59D /* sayfaXVC.swift */ = {isa = PBXFileReference; lastKnownFileType = sourcecode.swift; path = sayfaXVC.swift; sourceTree = "<group>"; };
		BA6ACF022BA77F1300AFB59D /* sayfaYVC.swift */ = {isa = PBXFileReference; lastKnownFileType = sourcecode.swift; path = sayfaYVC.swift; sourceTree = "<group>"; };
/* End PBXFileReference section */

/* Begin PBXFrameworksBuildPhase section */
		BA6ACEE22BA77A1000AFB59D /* Frameworks */ = {
			isa = PBXFrameworksBuildPhase;
			buildActionMask = 2147483647;
			files = (
			);
			runOnlyForDeploymentPostprocessing = 0;
		};
/* End PBXFrameworksBuildPhase section */

/* Begin PBXGroup section */
		BA6ACEDC2BA77A1000AFB59D = {
			isa = PBXGroup;
			children = (
				BA6ACEE72BA77A1000AFB59D /* SayfaOdevi */,
				BA6ACEE62BA77A1000AFB59D /* Products */,
			);
			sourceTree = "<group>";
		};
		BA6ACEE62BA77A1000AFB59D /* Products */ = {
			isa = PBXGroup;
			children = (
				BA6ACEE52BA77A1000AFB59D /* SayfaOdevi.app */,
			);
			name = Products;
			sourceTree = "<group>";
		};
		BA6ACEE72BA77A1000AFB59D /* SayfaOdevi */ = {
			isa = PBXGroup;
			children = (
				BA6ACEE82BA77A1000AFB59D /* AppDelegate.swift */,
				BA6ACEEA2BA77A1000AFB59D /* SceneDelegate.swift */,
				BA6ACEEC2BA77A1000AFB59D /* AnasayfaVC.swift */,
				BA6ACF022BA77F1300AFB59D /* sayfaYVC.swift */,
				BA6ACF002BA77EFC00AFB59D /* sayfaXVC.swift */,
				BA6ACEFE2BA77EA200AFB59D /* sayfaBVC.swift */,
				BA6ACEFC2BA77E8200AFB59D /* sayfaAVC.swift */,
				BA6ACEEE2BA77A1000AFB59D /* Main.storyboard */,
				BA6ACEF12BA77A1100AFB59D /* Assets.xcassets */,
				BA6ACEF32BA77A1100AFB59D /* LaunchScreen.storyboard */,
				BA6ACEF62BA77A1100AFB59D /* Info.plist */,
			);
			path = SayfaOdevi;
			sourceTree = "<group>";
		};
/* End PBXGroup section */

/* Begin PBXNativeTarget section */
		BA6ACEE42BA77A1000AFB59D /* SayfaOdevi */ = {
			isa = PBXNativeTarget;
			buildConfigurationList = BA6ACEF92BA77A1100AFB59D /* Build configuration list for PBXNativeTarget "SayfaOdevi" */;
			buildPhases = (
				BA6ACEE12BA77A1000AFB59D /* Sources */,
				BA6ACEE22BA77A1000AFB59D /* Frameworks */,
				BA6ACEE32BA77A1000AFB59D /* Resources */,
			);
			buildRules = (
			);
			dependencies = (
			);
			name = SayfaOdevi;
			productName = SayfaOdevi;
			productReference = BA6ACEE52BA77A1000AFB59D /* SayfaOdevi.app */;
			productType = "com.apple.product-type.application";
		};
/* End PBXNativeTarget section */

/* Begin PBXProject section */
		BA6ACEDD2BA77A1000AFB59D /* Project object */ = {
			isa = PBXProject;
			attributes = {
				BuildIndependentTargetsInParallel = 1;
				LastSwiftUpdateCheck = 1520;
				LastUpgradeCheck = 1520;
				TargetAttributes = {
					BA6ACEE42BA77A1000AFB59D = {
						CreatedOnToolsVersion = 15.2;
					};
				};
			};
			buildConfigurationList = BA6ACEE02BA77A1000AFB59D /* Build configuration list for PBXProject "SayfaOdevi" */;
			compatibilityVersion = "Xcode 14.0";
			developmentRegion = en;
			hasScannedForEncodings = 0;
			knownRegions = (
				en,
				Base,
			);
			mainGroup = BA6ACEDC2BA77A1000AFB59D;
			productRefGroup = BA6ACEE62BA77A1000AFB59D /* Products */;
			projectDirPath = "";
			projectRoot = "";
			targets = (
				BA6ACEE42BA77A1000AFB59D /* SayfaOdevi */,
			);
		};
/* End PBXProject section */

/* Begin PBXResourcesBuildPhase section */
		BA6ACEE32BA77A1000AFB59D /* Resources */ = {
			isa = PBXResourcesBuildPhase;
			buildActionMask = 2147483647;
			files = (
				BA6ACEF52BA77A1100AFB59D /* LaunchScreen.storyboard in Resources */,
				BA6ACEF22BA77A1100AFB59D /* Assets.xcassets in Resources */,
				BA6ACEF02BA77A1000AFB59D /* Main.storyboard in Resources */,
			);
			runOnlyForDeploymentPostprocessing = 0;
		};
/* End PBXResourcesBuildPhase section */

/* Begin PBXSourcesBuildPhase section */
		BA6ACEE12BA77A1000AFB59D /* Sources */ = {
			isa = PBXSourcesBuildPhase;
			buildActionMask = 2147483647;
			files = (
				BA6ACEED2BA77A1000AFB59D /* AnasayfaVC.swift in Sources */,
				BA6ACF032BA77F1300AFB59D /* sayfaYVC.swift in Sources */,
				BA6ACEE92BA77A1000AFB59D /* AppDelegate.swift in Sources */,
				BA6ACF012BA77EFC00AFB59D /* sayfaXVC.swift in Sources */,
				BA6ACEEB2BA77A1000AFB59D /* SceneDelegate.swift in Sources */,
				BA6ACEFD2BA77E8200AFB59D /* sayfaAVC.swift in Sources */,
				BA6ACEFF2BA77EA200AFB59D /* sayfaBVC.swift in Sources */,
			);
			runOnlyForDeploymentPostprocessing = 0;
		};
/* End PBXSourcesBuildPhase section */

/* Begin PBXVariantGroup section */
		BA6ACEEE2BA77A1000AFB59D /* Main.storyboard */ = {
			isa = PBXVariantGroup;
			children = (
				BA6ACEEF2BA77A1000AFB59D /* Base */,
			);
			name = Main.storyboard;
			sourceTree = "<group>";
		};
		BA6ACEF32BA77A1100AFB59D /* LaunchScreen.storyboard */ = {
			isa = PBXVariantGroup;
			children = (
				BA6ACEF42BA77A1100AFB59D /* Base */,
			);
			name = LaunchScreen.storyboard;
			sourceTree = "<group>";
		};
/* End PBXVariantGroup section */

/* Begin XCBuildConfiguration section */
		BA6ACEF72BA77A1100AFB59D /* Debug */ = {
			isa = XCBuildConfiguration;
			buildSettings = {
				ALWAYS_SEARCH_USER_PATHS = NO;
				ASSETCATALOG_COMPILER_GENERATE_SWIFT_ASSET_SYMBOL_EXTENSIONS = YES;
				CLANG_ANALYZER_NONNULL = YES;
				CLANG_ANALYZER_NUMBER_OBJECT_CONVERSION = YES_AGGRESSIVE;
				CLANG_CXX_LANGUAGE_STANDARD = "gnu++20";
				CLANG_ENABLE_MODULES = YES;
				CLANG_ENABLE_OBJC_ARC = YES;
				CLANG_ENABLE_OBJC_WEAK = YES;
				CLANG_WARN_BLOCK_CAPTURE_AUTORELEASING = YES;
				CLANG_WARN_BOOL_CONVERSION = YES;
				CLANG_WARN_COMMA = YES;
				CLANG_WARN_CONSTANT_CONVERSION = YES;
				CLANG_WARN_DEPRECATED_OBJC_IMPLEMENTATIONS = YES;
				CLANG_WARN_DIRECT_OBJC_ISA_USAGE = YES_ERROR;
				CLANG_WARN_DOCUMENTATION_COMMENTS = YES;
				CLANG_WARN_EMPTY_BODY = YES;
				CLANG_WARN_ENUM_CONVERSION = YES;
				CLANG_WARN_INFINITE_RECURSION = YES;
				CLANG_WARN_INT_CONVERSION = YES;
				CLANG_WARN_NON_LITERAL_NULL_CONVERSION = YES;
				CLANG_WARN_OBJC_IMPLICIT_RETAIN_SELF = YES;
				CLANG_WARN_OBJC_LITERAL_CONVERSION = YES;
				CLANG_WARN_OBJC_ROOT_CLASS = YES_ERROR;
				CLANG_WARN_QUOTED_INCLUDE_IN_FRAMEWORK_HEADER = YES;
				CLANG_WARN_RANGE_LOOP_ANALYSIS = YES;
				CLANG_WARN_STRICT_PROTOTYPES = YES;
				CLANG_WARN_SUSPICIOUS_MOVE = YES;
				CLANG_WARN_UNGUARDED_AVAILABILITY = YES_AGGRESSIVE;
				CLANG_WARN_UNREACHABLE_CODE = YES;
				CLANG_WARN__DUPLICATE_METHOD_MATCH = YES;
				COPY_PHASE_STRIP = NO;
				DEBUG_INFORMATION_FORMAT = dwarf;
				ENABLE_STRICT_OBJC_MSGSEND = YES;
				ENABLE_TESTABILITY = YES;
				ENABLE_USER_SCRIPT_SANDBOXING = YES;
				GCC_C_LANGUAGE_STANDARD = gnu17;
				GCC_DYNAMIC_NO_PIC = NO;
				GCC_NO_COMMON_BLOCKS = YES;
				GCC_OPTIMIZATION_LEVEL = 0;
				GCC_PREPROCESSOR_DEFINITIONS = (
					"DEBUG=1",
					"$(inherited)",
				);
				GCC_WARN_64_TO_32_BIT_CONVERSION = YES;
				GCC_WARN_ABOUT_RETURN_TYPE = YES_ERROR;
				GCC_WARN_UNDECLARED_SELECTOR = YES;
				GCC_WARN_UNINITIALIZED_AUTOS = YES_AGGRESSIVE;
				GCC_WARN_UNUSED_FUNCTION = YES;
				GCC_WARN_UNUSED_VARIABLE = YES;
				IPHONEOS_DEPLOYMENT_TARGET = 17.2;
				LOCALIZATION_PREFERS_STRING_CATALOGS = YES;
				MTL_ENABLE_DEBUG_INFO = INCLUDE_SOURCE;
				MTL_FAST_MATH = YES;
				ONLY_ACTIVE_ARCH = YES;
				SDKROOT = iphoneos;
				SWIFT_ACTIVE_COMPILATION_CONDITIONS = "DEBUG $(inherited)";
				SWIFT_OPTIMIZATION_LEVEL = "-Onone";
			};
			name = Debug;
		};
		BA6ACEF82BA77A1100AFB59D /* Release */ = {
			isa = XCBuildConfiguration;
			buildSettings = {
				ALWAYS_SEARCH_USER_PATHS = NO;
				ASSETCATALOG_COMPILER_GENERATE_SWIFT_ASSET_SYMBOL_EXTENSIONS = YES;
				CLANG_ANALYZER_NONNULL = YES;
				CLANG_ANALYZER_NUMBER_OBJECT_CONVERSION = YES_AGGRESSIVE;
				CLANG_CXX_LANGUAGE_STANDARD = "gnu++20";
				CLANG_ENABLE_MODULES = YES;
				CLANG_ENABLE_OBJC_ARC = YES;
				CLANG_ENABLE_OBJC_WEAK = YES;
				CLANG_WARN_BLOCK_CAPTURE_AUTORELEASING = YES;
				CLANG_WARN_BOOL_CONVERSION = YES;
				CLANG_WARN_COMMA = YES;
				CLANG_WARN_CONSTANT_CONVERSION = YES;
				CLANG_WARN_DEPRECATED_OBJC_IMPLEMENTATIONS = YES;
				CLANG_WARN_DIRECT_OBJC_ISA_USAGE = YES_ERROR;
				CLANG_WARN_DOCUMENTATION_COMMENTS = YES;
				CLANG_WARN_EMPTY_BODY = YES;
				CLANG_WARN_ENUM_CONVERSION = YES;
				CLANG_WARN_INFINITE_RECURSION = YES;
				CLANG_WARN_INT_CONVERSION = YES;
				CLANG_WARN_NON_LITERAL_NULL_CONVERSION = YES;
				CLANG_WARN_OBJC_IMPLICIT_RETAIN_SELF = YES;
				CLANG_WARN_OBJC_LITERAL_CONVERSION = YES;
				CLANG_WARN_OBJC_ROOT_CLASS = YES_ERROR;
				CLANG_WARN_QUOTED_INCLUDE_IN_FRAMEWORK_HEADER = YES;
				CLANG_WARN_RANGE_LOOP_ANALYSIS = YES;
				CLANG_WARN_STRICT_PROTOTYPES = YES;
				CLANG_WARN_SUSPICIOUS_MOVE = YES;
				CLANG_WARN_UNGUARDED_AVAILABILITY = YES_AGGRESSIVE;
				CLANG_WARN_UNREACHABLE_CODE = YES;
				CLANG_WARN__DUPLICATE_METHOD_MATCH = YES;
				COPY_PHASE_STRIP = NO;
				DEBUG_INFORMATION_FORMAT = "dwarf-with-dsym";
				ENABLE_NS_ASSERTIONS = NO;
				ENABLE_STRICT_OBJC_MSGSEND = YES;
				ENABLE_USER_SCRIPT_SANDBOXING = YES;
				GCC_C_LANGUAGE_STANDARD = gnu17;
				GCC_NO_COMMON_BLOCKS = YES;
				GCC_WARN_64_TO_32_BIT_CONVERSION = YES;
				GCC_WARN_ABOUT_RETURN_TYPE = YES_ERROR;
				GCC_WARN_UNDECLARED_SELECTOR = YES;
				GCC_WARN_UNINITIALIZED_AUTOS = YES_AGGRESSIVE;
				GCC_WARN_UNUSED_FUNCTION = YES;
				GCC_WARN_UNUSED_VARIABLE = YES;
				IPHONEOS_DEPLOYMENT_TARGET = 17.2;
				LOCALIZATION_PREFERS_STRING_CATALOGS = YES;
				MTL_ENABLE_DEBUG_INFO = NO;
				MTL_FAST_MATH = YES;
				SDKROOT = iphoneos;
				SWIFT_COMPILATION_MODE = wholemodule;
				VALIDATE_PRODUCT = YES;
			};
			name = Release;
		};
		BA6ACEFA2BA77A1100AFB59D /* Debug */ = {
			isa = XCBuildConfiguration;
			buildSettings = {
				ASSETCATALOG_COMPILER_APPICON_NAME = AppIcon;
				ASSETCATALOG_COMPILER_GLOBAL_ACCENT_COLOR_NAME = AccentColor;
				CODE_SIGN_STYLE = Automatic;
				CURRENT_PROJECT_VERSION = 1;
				DEVELOPMENT_TEAM = B32NW8PK7Z;
				GENERATE_INFOPLIST_FILE = YES;
				INFOPLIST_FILE = SayfaOdevi/Info.plist;
				INFOPLIST_KEY_UIApplicationSupportsIndirectInputEvents = YES;
				INFOPLIST_KEY_UILaunchStoryboardName = LaunchScreen;
				INFOPLIST_KEY_UIMainStoryboardFile = Main;
				INFOPLIST_KEY_UISupportedInterfaceOrientations_iPad = "UIInterfaceOrientationPortrait UIInterfaceOrientationPortraitUpsideDown UIInterfaceOrientationLandscapeLeft UIInterfaceOrientationLandscapeRight";
				INFOPLIST_KEY_UISupportedInterfaceOrientations_iPhone = "UIInterfaceOrientationPortrait UIInterfaceOrientationLandscapeLeft UIInterfaceOrientationLandscapeRight";
				LD_RUNPATH_SEARCH_PATHS = (
					"$(inherited)",
					"@executable_path/Frameworks",
				);
				MARKETING_VERSION = 1.0;
				PRODUCT_BUNDLE_IDENTIFIER = com.ozgunhallac.SayfaOdevi;
				PRODUCT_NAME = "$(TARGET_NAME)";
				SWIFT_EMIT_LOC_STRINGS = YES;
				SWIFT_VERSION = 5.0;
				TARGETED_DEVICE_FAMILY = "1,2";
			};
			name = Debug;
		};
		BA6ACEFB2BA77A1100AFB59D /* Release */ = {
			isa = XCBuildConfiguration;
			buildSettings = {
				ASSETCATALOG_COMPILER_APPICON_NAME = AppIcon;
				ASSETCATALOG_COMPILER_GLOBAL_ACCENT_COLOR_NAME = AccentColor;
				CODE_SIGN_STYLE = Automatic;
				CURRENT_PROJECT_VERSION = 1;
				DEVELOPMENT_TEAM = B32NW8PK7Z;
				GENERATE_INFOPLIST_FILE = YES;
				INFOPLIST_FILE = SayfaOdevi/Info.plist;
				INFOPLIST_KEY_UIApplicationSupportsIndirectInputEvents = YES;
				INFOPLIST_KEY_UILaunchStoryboardName = LaunchScreen;
				INFOPLIST_KEY_UIMainStoryboardFile = Main;
				INFOPLIST_KEY_UISupportedInterfaceOrientations_iPad = "UIInterfaceOrientationPortrait UIInterfaceOrientationPortraitUpsideDown UIInterfaceOrientationLandscapeLeft UIInterfaceOrientationLandscapeRight";
				INFOPLIST_KEY_UISupportedInterfaceOrientations_iPhone = "UIInterfaceOrientationPortrait UIInterfaceOrientationLandscapeLeft UIInterfaceOrientationLandscapeRight";
				LD_RUNPATH_SEARCH_PATHS = (
					"$(inherited)",
					"@executable_path/Frameworks",
				);
				MARKETING_VERSION = 1.0;
				PRODUCT_BUNDLE_IDENTIFIER = com.ozgunhallac.SayfaOdevi;
				PRODUCT_NAME = "$(TARGET_NAME)";
				SWIFT_EMIT_LOC_STRINGS = YES;
				SWIFT_VERSION = 5.0;
				TARGETED_DEVICE_FAMILY = "1,2";
			};
			name = Release;
		};
/* End XCBuildConfiguration section */

/* Begin XCConfigurationList section */
		BA6ACEE02BA77A1000AFB59D /* Build configuration list for PBXProject "SayfaOdevi" */ = {
			isa = XCConfigurationList;
			buildConfigurations = (
				BA6ACEF72BA77A1100AFB59D /* Debug */,
				BA6ACEF82BA77A1100AFB59D /* Release */,
			);
			defaultConfigurationIsVisible = 0;
			defaultConfigurationName = Release;
		};
		BA6ACEF92BA77A1100AFB59D /* Build configuration list for PBXNativeTarget "SayfaOdevi" */ = {
			isa = XCConfigurationList;
			buildConfigurations = (
				BA6ACEFA2BA77A1100AFB59D /* Debug */,
				BA6ACEFB2BA77A1100AFB59D /* Release */,
			);
			defaultConfigurationIsVisible = 0;
			defaultConfigurationName = Release;
		};
/* End XCConfigurationList section */
	};
	rootObject = BA6ACEDD2BA77A1000AFB59D /* Project object */;
}
